{
  "name": "kiki-web-the-future-of-recruitment",
  "version": "0.0.0",
  "lockfileVersion": 1,
  "requires": true,
  "dependencies": {
    "@types/node": {
      "version": "22.14.0"
    },
    "@vitejs/plugin-react": {
      "version": "5.0.0"
    },
    "google-genai": {
      "version": "1.28.0"
    },
    "react": {
      "version": "19.2.0"
    },
    "react-dom": {
      "version": "19.2.0"
    },
    "typescript": {
      "version": "5.8.2"
    },
    "vite": {
      "version": "6.2.0"
    }
  }
}
